
Microsoft Visual Studio Solution File, Format Version 12.00
# Visual Studio Version 17
VisualStudioVersion = 17.12.35707.178
MinimumVisualStudioVersion = 10.0.40219.1
Project("{FAE04EC0-301F-11D3-BF4B-00C04F79EFBC}") = "Task1_1", "Task1_1\Task1_1.csproj", "{EA6C1A26-6352-458A-B571-F30E61E85635}"
EndProject
Project("{FAE04EC0-301F-11D3-BF4B-00C04F79EFBC}") = "Task2_1", "Task2_1\Task2_1.csproj", "{D1FA0DEE-C3E1-49E6-A59E-254EB18F64E1}"
EndProject
Project("{FAE04EC0-301F-11D3-BF4B-00C04F79EFBC}") = "Task2_2", "Task2_2\Task2_2.csproj", "{D7B3BBB7-2B41-4879-9BF5-996239818194}"
EndProject
Project("{FAE04EC0-301F-11D3-BF4B-00C04F79EFBC}") = "Task2_3", "Task2_3\Task2_3.csproj", "{79B8B8E9-5C2F-4B27-9644-54A51195321E}"
EndProject
Project("{FAE04EC0-301F-11D3-BF4B-00C04F79EFBC}") = "Task3_1", "Task3_1\Task3_1.csproj", "{575185B9-F18B-420B-A772-6066BA6B4013}"
EndProject
Project("{FAE04EC0-301F-11D3-BF4B-00C04F79EFBC}") = "Task3_2", "Task3_2\Task3_2.csproj", "{172DD295-BA64-4285-9F31-FBA97D0EEDA5}"
EndProject
Project("{FAE04EC0-301F-11D3-BF4B-00C04F79EFBC}") = "Task2_4", "Task2_4\Task2_4.csproj", "{19A8445F-F6ED-4F20-A665-AC41CCD87C18}"
EndProject
Project("{FAE04EC0-301F-11D3-BF4B-00C04F79EFBC}") = "Task2_5", "Task2_5\Task2_5.csproj", "{4D43B9E0-DAB5-4F7B-9CE1-3DDD1320689E}"
EndProject
Project("{FAE04EC0-301F-11D3-BF4B-00C04F79EFBC}") = "Task2_6", "Task2_6\Task2_6.csproj", "{E2E8A1E6-3E30-406E-A2CC-8BC58487D785}"
EndProject
Project("{FAE04EC0-301F-11D3-BF4B-00C04F79EFBC}") = "Task2_7", "Task2_7\Task2_7.csproj", "{049B5F03-090C-41AF-9D66-7045B11A1A8C}"
EndProject
Project("{FAE04EC0-301F-11D3-BF4B-00C04F79EFBC}") = "Task3_3", "Task3_3\Task3_3.csproj", "{F2FADD4A-6A76-49D3-B604-5D53D4FE436A}"
EndProject
Project("{FAE04EC0-301F-11D3-BF4B-00C04F79EFBC}") = "Task3_4", "Task3_4\Task3_4.csproj", "{39E3FE1E-3B5B-44A6-B19B-FF9AA4102D1C}"
EndProject
Project("{FAE04EC0-301F-11D3-BF4B-00C04F79EFBC}") = "Task3_5", "Task3_5\Task3_5.csproj", "{5FB36ECD-A8FC-4F06-862D-A6EA82954B41}"
EndProject
Project("{FAE04EC0-301F-11D3-BF4B-00C04F79EFBC}") = "Task3_10", "Task3_10\Task3_10.csproj", "{913EE9D2-15D6-4437-89EE-794E36BDAE8C}"
EndProject
Project("{FAE04EC0-301F-11D3-BF4B-00C04F79EFBC}") = "Task3_11", "Task3_11\Task3_11.csproj", "{E2F9245C-0328-4C1D-AC22-77B8ECA0FDC5}"
EndProject
Global
	GlobalSection(SolutionConfigurationPlatforms) = preSolution
		Debug|Any CPU = Debug|Any CPU
		Release|Any CPU = Release|Any CPU
	EndGlobalSection
	GlobalSection(ProjectConfigurationPlatforms) = postSolution
		{EA6C1A26-6352-458A-B571-F30E61E85635}.Debug|Any CPU.ActiveCfg = Debug|Any CPU
		{EA6C1A26-6352-458A-B571-F30E61E85635}.Debug|Any CPU.Build.0 = Debug|Any CPU
		{EA6C1A26-6352-458A-B571-F30E61E85635}.Release|Any CPU.ActiveCfg = Release|Any CPU
		{EA6C1A26-6352-458A-B571-F30E61E85635}.Release|Any CPU.Build.0 = Release|Any CPU
		{D1FA0DEE-C3E1-49E6-A59E-254EB18F64E1}.Debug|Any CPU.ActiveCfg = Debug|Any CPU
		{D1FA0DEE-C3E1-49E6-A59E-254EB18F64E1}.Debug|Any CPU.Build.0 = Debug|Any CPU
		{D1FA0DEE-C3E1-49E6-A59E-254EB18F64E1}.Release|Any CPU.ActiveCfg = Release|Any CPU
		{D1FA0DEE-C3E1-49E6-A59E-254EB18F64E1}.Release|Any CPU.Build.0 = Release|Any CPU
		{D7B3BBB7-2B41-4879-9BF5-996239818194}.Debug|Any CPU.ActiveCfg = Debug|Any CPU
		{D7B3BBB7-2B41-4879-9BF5-996239818194}.Debug|Any CPU.Build.0 = Debug|Any CPU
		{D7B3BBB7-2B41-4879-9BF5-996239818194}.Release|Any CPU.ActiveCfg = Release|Any CPU
		{D7B3BBB7-2B41-4879-9BF5-996239818194}.Release|Any CPU.Build.0 = Release|Any CPU
		{79B8B8E9-5C2F-4B27-9644-54A51195321E}.Debug|Any CPU.ActiveCfg = Debug|Any CPU
		{79B8B8E9-5C2F-4B27-9644-54A51195321E}.Debug|Any CPU.Build.0 = Debug|Any CPU
		{79B8B8E9-5C2F-4B27-9644-54A51195321E}.Release|Any CPU.ActiveCfg = Release|Any CPU
		{79B8B8E9-5C2F-4B27-9644-54A51195321E}.Release|Any CPU.Build.0 = Release|Any CPU
		{575185B9-F18B-420B-A772-6066BA6B4013}.Debug|Any CPU.ActiveCfg = Debug|Any CPU
		{575185B9-F18B-420B-A772-6066BA6B4013}.Debug|Any CPU.Build.0 = Debug|Any CPU
		{575185B9-F18B-420B-A772-6066BA6B4013}.Release|Any CPU.ActiveCfg = Release|Any CPU
		{575185B9-F18B-420B-A772-6066BA6B4013}.Release|Any CPU.Build.0 = Release|Any CPU
		{172DD295-BA64-4285-9F31-FBA97D0EEDA5}.Debug|Any CPU.ActiveCfg = Debug|Any CPU
		{172DD295-BA64-4285-9F31-FBA97D0EEDA5}.Debug|Any CPU.Build.0 = Debug|Any CPU
		{172DD295-BA64-4285-9F31-FBA97D0EEDA5}.Release|Any CPU.ActiveCfg = Release|Any CPU
		{172DD295-BA64-4285-9F31-FBA97D0EEDA5}.Release|Any CPU.Build.0 = Release|Any CPU
		{19A8445F-F6ED-4F20-A665-AC41CCD87C18}.Debug|Any CPU.ActiveCfg = Debug|Any CPU
		{19A8445F-F6ED-4F20-A665-AC41CCD87C18}.Debug|Any CPU.Build.0 = Debug|Any CPU
		{19A8445F-F6ED-4F20-A665-AC41CCD87C18}.Release|Any CPU.ActiveCfg = Release|Any CPU
		{19A8445F-F6ED-4F20-A665-AC41CCD87C18}.Release|Any CPU.Build.0 = Release|Any CPU
		{4D43B9E0-DAB5-4F7B-9CE1-3DDD1320689E}.Debug|Any CPU.ActiveCfg = Debug|Any CPU
		{4D43B9E0-DAB5-4F7B-9CE1-3DDD1320689E}.Debug|Any CPU.Build.0 = Debug|Any CPU
		{4D43B9E0-DAB5-4F7B-9CE1-3DDD1320689E}.Release|Any CPU.ActiveCfg = Release|Any CPU
		{4D43B9E0-DAB5-4F7B-9CE1-3DDD1320689E}.Release|Any CPU.Build.0 = Release|Any CPU
		{E2E8A1E6-3E30-406E-A2CC-8BC58487D785}.Debug|Any CPU.ActiveCfg = Debug|Any CPU
		{E2E8A1E6-3E30-406E-A2CC-8BC58487D785}.Debug|Any CPU.Build.0 = Debug|Any CPU
		{E2E8A1E6-3E30-406E-A2CC-8BC58487D785}.Release|Any CPU.ActiveCfg = Release|Any CPU
		{E2E8A1E6-3E30-406E-A2CC-8BC58487D785}.Release|Any CPU.Build.0 = Release|Any CPU
		{049B5F03-090C-41AF-9D66-7045B11A1A8C}.Debug|Any CPU.ActiveCfg = Debug|Any CPU
		{049B5F03-090C-41AF-9D66-7045B11A1A8C}.Debug|Any CPU.Build.0 = Debug|Any CPU
		{049B5F03-090C-41AF-9D66-7045B11A1A8C}.Release|Any CPU.ActiveCfg = Release|Any CPU
		{049B5F03-090C-41AF-9D66-7045B11A1A8C}.Release|Any CPU.Build.0 = Release|Any CPU
		{F2FADD4A-6A76-49D3-B604-5D53D4FE436A}.Debug|Any CPU.ActiveCfg = Debug|Any CPU
		{F2FADD4A-6A76-49D3-B604-5D53D4FE436A}.Debug|Any CPU.Build.0 = Debug|Any CPU
		{F2FADD4A-6A76-49D3-B604-5D53D4FE436A}.Release|Any CPU.ActiveCfg = Release|Any CPU
		{F2FADD4A-6A76-49D3-B604-5D53D4FE436A}.Release|Any CPU.Build.0 = Release|Any CPU
		{39E3FE1E-3B5B-44A6-B19B-FF9AA4102D1C}.Debug|Any CPU.ActiveCfg = Debug|Any CPU
		{39E3FE1E-3B5B-44A6-B19B-FF9AA4102D1C}.Debug|Any CPU.Build.0 = Debug|Any CPU
		{39E3FE1E-3B5B-44A6-B19B-FF9AA4102D1C}.Release|Any CPU.ActiveCfg = Release|Any CPU
		{39E3FE1E-3B5B-44A6-B19B-FF9AA4102D1C}.Release|Any CPU.Build.0 = Release|Any CPU
		{5FB36ECD-A8FC-4F06-862D-A6EA82954B41}.Debug|Any CPU.ActiveCfg = Debug|Any CPU
		{5FB36ECD-A8FC-4F06-862D-A6EA82954B41}.Debug|Any CPU.Build.0 = Debug|Any CPU
		{5FB36ECD-A8FC-4F06-862D-A6EA82954B41}.Release|Any CPU.ActiveCfg = Release|Any CPU
		{5FB36ECD-A8FC-4F06-862D-A6EA82954B41}.Release|Any CPU.Build.0 = Release|Any CPU
		{913EE9D2-15D6-4437-89EE-794E36BDAE8C}.Debug|Any CPU.ActiveCfg = Debug|Any CPU
		{913EE9D2-15D6-4437-89EE-794E36BDAE8C}.Debug|Any CPU.Build.0 = Debug|Any CPU
		{913EE9D2-15D6-4437-89EE-794E36BDAE8C}.Release|Any CPU.ActiveCfg = Release|Any CPU
		{913EE9D2-15D6-4437-89EE-794E36BDAE8C}.Release|Any CPU.Build.0 = Release|Any CPU
		{E2F9245C-0328-4C1D-AC22-77B8ECA0FDC5}.Debug|Any CPU.ActiveCfg = Debug|Any CPU
		{E2F9245C-0328-4C1D-AC22-77B8ECA0FDC5}.Debug|Any CPU.Build.0 = Debug|Any CPU
		{E2F9245C-0328-4C1D-AC22-77B8ECA0FDC5}.Release|Any CPU.ActiveCfg = Release|Any CPU
		{E2F9245C-0328-4C1D-AC22-77B8ECA0FDC5}.Release|Any CPU.Build.0 = Release|Any CPU
	EndGlobalSection
	GlobalSection(SolutionProperties) = preSolution
		HideSolutionNode = FALSE
	EndGlobalSection
EndGlobal
